{
  "name": "hands-on-advanced-physics-laboratory",
  "version": "0.0.1",
  "lockfileVersion": 3,
  "requires": true,
  "packages": {
    "": {
      "name": "hands-on-advanced-physics-laboratory",
      "version": "0.0.1",
      "license": "Commons Attribution-NonCommercial-ShareAlike 4.0 International",
      "dependencies": {
        "mystmd": "^1.3.23"
      }
    },
    "node_modules/mystmd": {
      "version": "1.3.23",
      "resolved": "https://registry.npmjs.org/mystmd/-/mystmd-1.3.23.tgz",
      "integrity": "sha512-SGoxXa2oIL/vOBD+Dk7x/6t/R9mLPwDqBK0NnIB/KtEORu04F0cd6Sqi4h/f2adr0MsxLeSIDfJoXAn1NFR3xQ==",
      "license": "MIT",
      "bin": {
        "myst": "dist/myst.cjs"
      }
    }
  }
}
